
Microsoft Visual Studio Solution File, Format Version 12.00
# Visual Studio Version 17
VisualStudioVersion = 17.2.32516.85
MinimumVisualStudioVersion = 10.0.40219.1
Project("{FAE04EC0-301F-11D3-BF4B-00C04F79EFBC}") = "Kontakte", "Kontakte.csproj", "{94CCE6CE-6673-40EF-ACF2-03352BD2B430}"
EndProject
Global
	GlobalSection(SolutionConfigurationPlatforms) = preSolution
		Debug|Any CPU = Debug|Any CPU
		Release|Any CPU = Release|Any CPU
	EndGlobalSection
	GlobalSection(ProjectConfigurationPlatforms) = postSolution
		{94CCE6CE-6673-40EF-ACF2-03352BD2B430}.Debug|Any CPU.ActiveCfg = Debug|Any CPU
		{94CCE6CE-6673-40EF-ACF2-03352BD2B430}.Debug|Any CPU.Build.0 = Debug|Any CPU
		{94CCE6CE-6673-40EF-ACF2-03352BD2B430}.Release|Any CPU.ActiveCfg = Release|Any CPU
		{94CCE6CE-6673-40EF-ACF2-03352BD2B430}.Release|Any CPU.Build.0 = Release|Any CPU
	EndGlobalSection
	GlobalSection(SolutionProperties) = preSolution
		HideSolutionNode = FALSE
	EndGlobalSection
	GlobalSection(ExtensibilityGlobals) = postSolution
		SolutionGuid = {55B914F1-72E7-4017-9920-CC7A7826D5CA}
	EndGlobalSection
EndGlobal
